// !$*UTF8*$!
{
	archiveVersion = 1;
	classes = {
	};
	objectVersion = 48;
	objects = {

/* Begin PBXBuildFile section */
		F620486220D537FE00AD8E3D /* AppDelegate.swift in Sources */ = {isa = PBXBuildFile; fileRef = F620486120D537FD00AD8E3D /* AppDelegate.swift */; };
		F620486920D537FE00AD8E3D /* Assets.xcassets in Resources */ = {isa = PBXBuildFile; fileRef = F620486820D537FE00AD8E3D /* Assets.xcassets */; };
		F620486C20D537FE00AD8E3D /* LaunchScreen.storyboard in Resources */ = {isa = PBXBuildFile; fileRef = F620486A20D537FE00AD8E3D /* LaunchScreen.storyboard */; };
		F67FF3F120D53C1900518CE2 /* WebViewController.swift in Sources */ = {isa = PBXBuildFile; fileRef = F67FF3F020D53C1900518CE2 /* WebViewController.swift */; };
		F67FF3F320D5676C00518CE2 /* bitbucket.css in Resources */ = {isa = PBXBuildFile; fileRef = F67FF3F220D5676C00518CE2 /* bitbucket.css */; };
/* End PBXBuildFile section */

/* Begin PBXFileReference section */
		F620485E20D537FD00AD8E3D /* Bucketer.app */ = {isa = PBXFileReference; explicitFileType = wrapper.application; includeInIndex = 0; path = Bucketer.app; sourceTree = BUILT_PRODUCTS_DIR; };
		F620486120D537FD00AD8E3D /* AppDelegate.swift */ = {isa = PBXFileReference; lastKnownFileType = sourcecode.swift; path = AppDelegate.swift; sourceTree = "<group>"; };
		F620486820D537FE00AD8E3D /* Assets.xcassets */ = {isa = PBXFileReference; lastKnownFileType = folder.assetcatalog; path = Assets.xcassets; sourceTree = "<group>"; };
		F620486B20D537FE00AD8E3D /* Base */ = {isa = PBXFileReference; lastKnownFileType = file.storyboard; name = Base; path = Base.lproj/LaunchScreen.storyboard; sourceTree = "<group>"; };
		F620486D20D537FE00AD8E3D /* Info.plist */ = {isa = PBXFileReference; lastKnownFileType = text.plist.xml; path = Info.plist; sourceTree = "<group>"; };
		F67FF3F020D53C1900518CE2 /* WebViewController.swift */ = {isa = PBXFileReference; fileEncoding = 4; lastKnownFileType = sourcecode.swift; path = WebViewController.swift; sourceTree = "<group>"; };
		F67FF3F220D5676C00518CE2 /* bitbucket.css */ = {isa = PBXFileReference; fileEncoding = 4; lastKnownFileType = text.css; path = bitbucket.css; sourceTree = "<group>"; };
/* End PBXFileReference section */

/* Begin PBXFrameworksBuildPhase section */
		F620485B20D537FD00AD8E3D /* Frameworks */ = {
			isa = PBXFrameworksBuildPhase;
			buildActionMask = 2147483647;
			files = (
			);
			runOnlyForDeploymentPostprocessing = 0;
		};
/* End PBXFrameworksBuildPhase section */

/* Begin PBXGroup section */
		F620485520D537FD00AD8E3D = {
			isa = PBXGroup;
			children = (
				F620486020D537FD00AD8E3D /* Bucketer */,
				F620485F20D537FD00AD8E3D /* Products */,
			);
			sourceTree = "<group>";
		};
		F620485F20D537FD00AD8E3D /* Products */ = {
			isa = PBXGroup;
			children = (
				F620485E20D537FD00AD8E3D /* Bucketer.app */,
			);
			name = Products;
			sourceTree = "<group>";
		};
		F620486020D537FD00AD8E3D /* Bucketer */ = {
			isa = PBXGroup;
			children = (
				F620486120D537FD00AD8E3D /* AppDelegate.swift */,
				F67FF3F020D53C1900518CE2 /* WebViewController.swift */,
				F620486820D537FE00AD8E3D /* Assets.xcassets */,
				F620486A20D537FE00AD8E3D /* LaunchScreen.storyboard */,
				F620486D20D537FE00AD8E3D /* Info.plist */,
				F67FF3F220D5676C00518CE2 /* bitbucket.css */,
			);
			path = Bucketer;
			sourceTree = "<group>";
		};
/* End PBXGroup section */

/* Begin PBXNativeTarget section */
		F620485D20D537FD00AD8E3D /* Bucketer */ = {
			isa = PBXNativeTarget;
			buildConfigurationList = F620487020D537FE00AD8E3D /* Build configuration list for PBXNativeTarget "Bucketer" */;
			buildPhases = (
				F620485A20D537FD00AD8E3D /* Sources */,
				F620485B20D537FD00AD8E3D /* Frameworks */,
				F620485C20D537FD00AD8E3D /* Resources */,
			);
			buildRules = (
			);
			dependencies = (
			);
			name = Bucketer;
			productName = Bucketer;
			productReference = F620485E20D537FD00AD8E3D /* Bucketer.app */;
			productType = "com.apple.product-type.application";
		};
/* End PBXNativeTarget section */

/* Begin PBXProject section */
		F620485620D537FD00AD8E3D /* Project object */ = {
			isa = PBXProject;
			attributes = {
				LastSwiftUpdateCheck = 0920;
				LastUpgradeCheck = 0920;
				ORGANIZATIONNAME = "Hursh Agrawal";
				TargetAttributes = {
					F620485D20D537FD00AD8E3D = {
						CreatedOnToolsVersion = 9.2;
						ProvisioningStyle = Automatic;
					};
				};
			};
			buildConfigurationList = F620485920D537FD00AD8E3D /* Build configuration list for PBXProject "Bucketer" */;
			compatibilityVersion = "Xcode 8.0";
			developmentRegion = en;
			hasScannedForEncodings = 0;
			knownRegions = (
				en,
				Base,
			);
			mainGroup = F620485520D537FD00AD8E3D;
			productRefGroup = F620485F20D537FD00AD8E3D /* Products */;
			projectDirPath = "";
			projectRoot = "";
			targets = (
				F620485D20D537FD00AD8E3D /* Bucketer */,
			);
		};
/* End PBXProject section */

/* Begin PBXResourcesBuildPhase section */
		F620485C20D537FD00AD8E3D /* Resources */ = {
			isa = PBXResourcesBuildPhase;
			buildActionMask = 2147483647;
			files = (
				F620486C20D537FE00AD8E3D /* LaunchScreen.storyboard in Resources */,
				F67FF3F320D5676C00518CE2 /* bitbucket.css in Resources */,
				F620486920D537FE00AD8E3D /* Assets.xcassets in Resources */,
			);
			runOnlyForDeploymentPostprocessing = 0;
		};
/* End PBXResourcesBuildPhase section */

/* Begin PBXSourcesBuildPhase section */
		F620485A20D537FD00AD8E3D /* Sources */ = {
			isa = PBXSourcesBuildPhase;
			buildActionMask = 2147483647;
			files = (
				F67FF3F120D53C1900518CE2 /* WebViewController.swift in Sources */,
				F620486220D537FE00AD8E3D /* AppDelegate.swift in Sources */,
			);
			runOnlyForDeploymentPostprocessing = 0;
		};
/* End PBXSourcesBuildPhase section */

/* Begin PBXVariantGroup section */
		F620486A20D537FE00AD8E3D /* LaunchScreen.storyboard */ = {
			isa = PBXVariantGroup;
			children = (
				F620486B20D537FE00AD8E3D /* Base */,
			);
			name = LaunchScreen.storyboard;
			sourceTree = "<group>";
		};
/* End PBXVariantGroup section */

/* Begin XCBuildConfiguration section */
		F620486E20D537FE00AD8E3D /* Debug */ = {
			isa = XCBuildConfiguration;
			buildSettings = {
				ALWAYS_SEARCH_USER_PATHS = NO;
				CLANG_ANALYZER_NONNULL = YES;
				CLANG_ANALYZER_NUMBER_OBJECT_CONVERSION = YES_AGGRESSIVE;
				CLANG_CXX_LANGUAGE_STANDARD = "gnu++14";
				CLANG_CXX_LIBRARY = "libc++";
				CLANG_ENABLE_MODULES = YES;
				CLANG_ENABLE_OBJC_ARC = YES;
				CLANG_WARN_BLOCK_CAPTURE_AUTORELEASING = YES;
				CLANG_WARN_BOOL_CONVERSION = YES;
				CLANG_WARN_COMMA = YES;
				CLANG_WARN_CONSTANT_CONVERSION = YES;
				CLANG_WARN_DIRECT_OBJC_ISA_USAGE = YES_ERROR;
				CLANG_WARN_DOCUMENTATION_COMMENTS = YES;
				CLANG_WARN_EMPTY_BODY = YES;
				CLANG_WARN_ENUM_CONVERSION = YES;
				CLANG_WARN_INFINITE_RECURSION = YES;
				CLANG_WARN_INT_CONVERSION = YES;
				CLANG_WARN_NON_LITERAL_NULL_CONVERSION = YES;
				CLANG_WARN_OBJC_LITERAL_CONVERSION = YES;
				CLANG_WARN_OBJC_ROOT_CLASS = YES_ERROR;
				CLANG_WARN_RANGE_LOOP_ANALYSIS = YES;
				CLANG_WARN_STRICT_PROTOTYPES = YES;
				CLANG_WARN_SUSPICIOUS_MOVE = YES;
				CLANG_WARN_UNGUARDED_AVAILABILITY = YES_AGGRESSIVE;
				CLANG_WARN_UNREACHABLE_CODE = YES;
				CLANG_WARN__DUPLICATE_METHOD_MATCH = YES;
				CODE_SIGN_IDENTITY = "iPhone Developer";
				COPY_PHASE_STRIP = NO;
				DEBUG_INFORMATION_FORMAT = dwarf;
				ENABLE_STRICT_OBJC_MSGSEND = YES;
				ENABLE_TESTABILITY = YES;
				GCC_C_LANGUAGE_STANDARD = gnu11;
				GCC_DYNAMIC_NO_PIC = NO;
				GCC_NO_COMMON_BLOCKS = YES;
				GCC_OPTIMIZATION_LEVEL = 0;
				GCC_PREPROCESSOR_DEFINITIONS = (
					"DEBUG=1",
					"$(inherited)",
				);
				GCC_WARN_64_TO_32_BIT_CONVERSION = YES;
				GCC_WARN_ABOUT_RETURN_TYPE = YES_ERROR;
				GCC_WARN_UNDECLARED_SELECTOR = YES;
				GCC_WARN_UNINITIALIZED_AUTOS = YES_AGGRESSIVE;
				GCC_WARN_UNUSED_FUNCTION = YES;
				GCC_WARN_UNUSED_VARIABLE = YES;
				IPHONEOS_DEPLOYMENT_TARGET = 11.2;
				MTL_ENABLE_DEBUG_INFO = YES;
				ONLY_ACTIVE_ARCH = YES;
				SDKROOT = iphoneos;
				SWIFT_ACTIVE_COMPILATION_CONDITIONS = DEBUG;
				SWIFT_OPTIMIZATION_LEVEL = "-Onone";
			};
			name = Debug;
		};
		F620486F20D537FE00AD8E3D /* Release */ = {
			isa = XCBuildConfiguration;
			buildSettings = {
				ALWAYS_SEARCH_USER_PATHS = NO;
				CLANG_ANALYZER_NONNULL = YES;
				CLANG_ANALYZER_NUMBER_OBJECT_CONVERSION = YES_AGGRESSIVE;
				CLANG_CXX_LANGUAGE_STANDARD = "gnu++14";
				CLANG_CXX_LIBRARY = "libc++";
				CLANG_ENABLE_MODULES = YES;
				CLANG_ENABLE_OBJC_ARC = YES;
				CLANG_WARN_BLOCK_CAPTURE_AUTORELEASING = YES;
				CLANG_WARN_BOOL_CONVERSION = YES;
				CLANG_WARN_COMMA = YES;
				CLANG_WARN_CONSTANT_CONVERSION = YES;
				CLANG_WARN_DIRECT_OBJC_ISA_USAGE = YES_ERROR;
				CLANG_WARN_DOCUMENTATION_COMMENTS = YES;
				CLANG_WARN_EMPTY_BODY = YES;
				CLANG_WARN_ENUM_CONVERSION = YES;
				CLANG_WARN_INFINITE_RECURSION = YES;
				CLANG_WARN_INT_CONVERSION = YES;
				CLANG_WARN_NON_LITERAL_NULL_CONVERSION = YES;
				CLANG_WARN_OBJC_LITERAL_CONVERSION = YES;
				CLANG_WARN_OBJC_ROOT_CLASS = YES_ERROR;
				CLANG_WARN_RANGE_LOOP_ANALYSIS = YES;
				CLANG_WARN_STRICT_PROTOTYPES = YES;
				CLANG_WARN_SUSPICIOUS_MOVE = YES;
				CLANG_WARN_UNGUARDED_AVAILABILITY = YES_AGGRESSIVE;
				CLANG_WARN_UNREACHABLE_CODE = YES;
				CLANG_WARN__DUPLICATE_METHOD_MATCH = YES;
				CODE_SIGN_IDENTITY = "iPhone Developer";
				COPY_PHASE_STRIP = NO;
				DEBUG_INFORMATION_FORMAT = "dwarf-with-dsym";
				ENABLE_NS_ASSERTIONS = NO;
				ENABLE_STRICT_OBJC_MSGSEND = YES;
				GCC_C_LANGUAGE_STANDARD = gnu11;
				GCC_NO_COMMON_BLOCKS = YES;
				GCC_WARN_64_TO_32_BIT_CONVERSION = YES;
				GCC_WARN_ABOUT_RETURN_TYPE = YES_ERROR;
				GCC_WARN_UNDECLARED_SELECTOR = YES;
				GCC_WARN_UNINITIALIZED_AUTOS = YES_AGGRESSIVE;
				GCC_WARN_UNUSED_FUNCTION = YES;
				GCC_WARN_UNUSED_VARIABLE = YES;
				IPHONEOS_DEPLOYMENT_TARGET = 11.2;
				MTL_ENABLE_DEBUG_INFO = NO;
				SDKROOT = iphoneos;
				SWIFT_OPTIMIZATION_LEVEL = "-Owholemodule";
				VALIDATE_PRODUCT = YES;
			};
			name = Release;
		};
		F620487120D537FE00AD8E3D /* Debug */ = {
			isa = XCBuildConfiguration;
			buildSettings = {
				ASSETCATALOG_COMPILER_APPICON_NAME = AppIcon;
				CODE_SIGN_STYLE = Automatic;
				DEVELOPMENT_TEAM = 9F5Q9P6783;
				INFOPLIST_FILE = Bucketer/Info.plist;
				LD_RUNPATH_SEARCH_PATHS = "$(inherited) @executable_path/Frameworks";
				PRODUCT_BUNDLE_IDENTIFIER = com.hursh.Bucketer;
				PRODUCT_NAME = "$(TARGET_NAME)";
				SWIFT_VERSION = 4.0;
				TARGETED_DEVICE_FAMILY = 1;
			};
			name = Debug;
		};
		F620487220D537FE00AD8E3D /* Release */ = {
			isa = XCBuildConfiguration;
			buildSettings = {
				ASSETCATALOG_COMPILER_APPICON_NAME = AppIcon;
				CODE_SIGN_STYLE = Automatic;
				DEVELOPMENT_TEAM = 9F5Q9P6783;
				INFOPLIST_FILE = Bucketer/Info.plist;
				LD_RUNPATH_SEARCH_PATHS = "$(inherited) @executable_path/Frameworks";
				PRODUCT_BUNDLE_IDENTIFIER = com.hursh.Bucketer;
				PRODUCT_NAME = "$(TARGET_NAME)";
				SWIFT_VERSION = 4.0;
				TARGETED_DEVICE_FAMILY = 1;
			};
			name = Release;
		};
/* End XCBuildConfiguration section */

/* Begin XCConfigurationList section */
		F620485920D537FD00AD8E3D /* Build configuration list for PBXProject "Bucketer" */ = {
			isa = XCConfigurationList;
			buildConfigurations = (
				F620486E20D537FE00AD8E3D /* Debug */,
				F620486F20D537FE00AD8E3D /* Release */,
			);
			defaultConfigurationIsVisible = 0;
			defaultConfigurationName = Release;
		};
		F620487020D537FE00AD8E3D /* Build configuration list for PBXNativeTarget "Bucketer" */ = {
			isa = XCConfigurationList;
			buildConfigurations = (
				F620487120D537FE00AD8E3D /* Debug */,
				F620487220D537FE00AD8E3D /* Release */,
			);
			defaultConfigurationIsVisible = 0;
			defaultConfigurationName = Release;
		};
/* End XCConfigurationList section */
	};
	rootObject = F620485620D537FD00AD8E3D /* Project object */;
}
